// !$*UTF8*$!
{
	archiveVersion = 1;
	classes = {
	};
	objectVersion = 77;
	objects = {

/* Begin PBXBuildFile section */
		3B0439522E40BA04002BB867 /* CoreUIElements.framework in Frameworks */ = {isa = PBXBuildFile; fileRef = 3B04394E2E40B9C4002BB867 /* CoreUIElements.framework */; };
		3B0439532E40BA04002BB867 /* CoreUIElements.framework in Embed Frameworks */ = {isa = PBXBuildFile; fileRef = 3B04394E2E40B9C4002BB867 /* CoreUIElements.framework */; settings = {ATTRIBUTES = (CodeSignOnCopy, RemoveHeadersOnCopy, ); }; };
		3B0742C22E40BCD400C49174 /* CoreExtentions.framework in Frameworks */ = {isa = PBXBuildFile; fileRef = 3B0742BE2E40BC5D00C49174 /* CoreExtentions.framework */; };
		3B0742C32E40BCD400C49174 /* CoreExtentions.framework in Embed Frameworks */ = {isa = PBXBuildFile; fileRef = 3B0742BE2E40BC5D00C49174 /* CoreExtentions.framework */; settings = {ATTRIBUTES = (CodeSignOnCopy, RemoveHeadersOnCopy, ); }; };
		3B0749E62E40D75B00C49174 /* AppNavigation.framework in Frameworks */ = {isa = PBXBuildFile; fileRef = 3B0749E52E40D74C00C49174 /* AppNavigation.framework */; };
		3B0749E72E40D75B00C49174 /* AppNavigation.framework in Embed Frameworks */ = {isa = PBXBuildFile; fileRef = 3B0749E52E40D74C00C49174 /* AppNavigation.framework */; settings = {ATTRIBUTES = (CodeSignOnCopy, RemoveHeadersOnCopy, ); }; };
		3B074A532E40EAD600C49174 /* DesignSystem.framework in Frameworks */ = {isa = PBXBuildFile; fileRef = 3B074A522E40EA6C00C49174 /* DesignSystem.framework */; };
		3B074A542E40EAD600C49174 /* DesignSystem.framework in Embed Frameworks */ = {isa = PBXBuildFile; fileRef = 3B074A522E40EA6C00C49174 /* DesignSystem.framework */; settings = {ATTRIBUTES = (CodeSignOnCopy, RemoveHeadersOnCopy, ); }; };
/* End PBXBuildFile section */

/* Begin PBXContainerItemProxy section */
		3B04394D2E40B9C4002BB867 /* PBXContainerItemProxy */ = {
			isa = PBXContainerItemProxy;
			containerPortal = 3B0439492E40B9C3002BB867 /* CoreUIElements.xcodeproj */;
			proxyType = 2;
			remoteGlobalIDString = 3B04393D2E40B9C3002BB867;
			remoteInfo = CoreUIElements;
		};
		3B0742BD2E40BC5D00C49174 /* PBXContainerItemProxy */ = {
			isa = PBXContainerItemProxy;
			containerPortal = 3B0742B92E40BC5D00C49174 /* CoreExtentions.xcodeproj */;
			proxyType = 2;
			remoteGlobalIDString = 3B0742AD2E40BC5C00C49174;
			remoteInfo = CoreExtentions;
		};
		3B0749E42E40D74C00C49174 /* PBXContainerItemProxy */ = {
			isa = PBXContainerItemProxy;
			containerPortal = 3B0749E02E40D74C00C49174 /* AppNavigation.xcodeproj */;
			proxyType = 2;
			remoteGlobalIDString = 3B0749D42E40D74B00C49174;
			remoteInfo = AppNavigation;
		};
		3B074A512E40EA6C00C49174 /* PBXContainerItemProxy */ = {
			isa = PBXContainerItemProxy;
			containerPortal = 3B074A4D2E40EA6B00C49174 /* DesignSystem.xcodeproj */;
			proxyType = 2;
			remoteGlobalIDString = 3B074A412E40EA6B00C49174;
			remoteInfo = DesignSystem;
		};
/* End PBXContainerItemProxy section */

/* Begin PBXCopyFilesBuildPhase section */
		3B9D78EF2E3CC8EC00E5C72B /* Embed Frameworks */ = {
			isa = PBXCopyFilesBuildPhase;
			buildActionMask = 2147483647;
			dstPath = "";
			dstSubfolderSpec = 10;
			files = (
				3B0749E72E40D75B00C49174 /* AppNavigation.framework in Embed Frameworks */,
				3B074A542E40EAD600C49174 /* DesignSystem.framework in Embed Frameworks */,
				3B0742C32E40BCD400C49174 /* CoreExtentions.framework in Embed Frameworks */,
				3B0439532E40BA04002BB867 /* CoreUIElements.framework in Embed Frameworks */,
			);
			name = "Embed Frameworks";
			runOnlyForDeploymentPostprocessing = 0;
		};
/* End PBXCopyFilesBuildPhase section */

/* Begin PBXFileReference section */
		3B0439492E40B9C3002BB867 /* CoreUIElements.xcodeproj */ = {isa = PBXFileReference; lastKnownFileType = "wrapper.pb-project"; name = CoreUIElements.xcodeproj; path = CoreUIElements/CoreUIElements.xcodeproj; sourceTree = "<group>"; };
		3B0742B92E40BC5D00C49174 /* CoreExtentions.xcodeproj */ = {isa = PBXFileReference; lastKnownFileType = "wrapper.pb-project"; name = CoreExtentions.xcodeproj; path = CoreExtentions/CoreExtentions.xcodeproj; sourceTree = "<group>"; };
		3B0749E02E40D74C00C49174 /* AppNavigation.xcodeproj */ = {isa = PBXFileReference; lastKnownFileType = "wrapper.pb-project"; name = AppNavigation.xcodeproj; path = AppNavigation/AppNavigation.xcodeproj; sourceTree = "<group>"; };
		3B074A272E40E80E00C49174 /* CoreServices.xcodeproj */ = {isa = PBXFileReference; lastKnownFileType = "wrapper.pb-project"; name = CoreServices.xcodeproj; path = CoreServices/CoreServices.xcodeproj; sourceTree = "<group>"; };
		3B074A4D2E40EA6B00C49174 /* DesignSystem.xcodeproj */ = {isa = PBXFileReference; lastKnownFileType = "wrapper.pb-project"; name = DesignSystem.xcodeproj; path = DesignSystem/DesignSystem.xcodeproj; sourceTree = "<group>"; };
		3B9D78A82E3CBFAF00E5C72B /* YolgaHamroh.app */ = {isa = PBXFileReference; explicitFileType = wrapper.application; includeInIndex = 0; path = YolgaHamroh.app; sourceTree = BUILT_PRODUCTS_DIR; };
		3B9D78D02E3CC82D00E5C72B /* HomeFeature.xcodeproj */ = {isa = PBXFileReference; lastKnownFileType = "wrapper.pb-project"; name = HomeFeature.xcodeproj; path = HomeFeature/HomeFeature.xcodeproj; sourceTree = "<group>"; };
		476D156F2E4B4DD70023F067 /* ProfileFeature.xcodeproj */ = {isa = PBXFileReference; lastKnownFileType = "wrapper.pb-project"; name = ProfileFeature.xcodeproj; path = ProfileFeature/ProfileFeature.xcodeproj; sourceTree = "<group>"; };
/* End PBXFileReference section */

/* Begin PBXFileSystemSynchronizedRootGroup section */
		3B9D78AA2E3CBFAF00E5C72B /* YolgaHamroh */ = {
			isa = PBXFileSystemSynchronizedRootGroup;
			path = YolgaHamroh;
			sourceTree = "<group>";
		};
/* End PBXFileSystemSynchronizedRootGroup section */

/* Begin PBXFrameworksBuildPhase section */
		3B9D78A52E3CBFAF00E5C72B /* Frameworks */ = {
			isa = PBXFrameworksBuildPhase;
			buildActionMask = 2147483647;
			files = (
				3B0749E62E40D75B00C49174 /* AppNavigation.framework in Frameworks */,
				3B074A532E40EAD600C49174 /* DesignSystem.framework in Frameworks */,
				3B0742C22E40BCD400C49174 /* CoreExtentions.framework in Frameworks */,
				3B0439522E40BA04002BB867 /* CoreUIElements.framework in Frameworks */,
			);
			runOnlyForDeploymentPostprocessing = 0;
		};
/* End PBXFrameworksBuildPhase section */

/* Begin PBXGroup section */
		3B04394A2E40B9C3002BB867 /* Products */ = {
			isa = PBXGroup;
			children = (
				3B04394E2E40B9C4002BB867 /* CoreUIElements.framework */,
			);
			name = Products;
			sourceTree = "<group>";
		};
		3B0742BA2E40BC5D00C49174 /* Products */ = {
			isa = PBXGroup;
			children = (
				3B0742BE2E40BC5D00C49174 /* CoreExtentions.framework */,
			);
			name = Products;
			sourceTree = "<group>";
		};
		3B0749E12E40D74C00C49174 /* Products */ = {
			isa = PBXGroup;
			children = (
				3B0749E52E40D74C00C49174 /* AppNavigation.framework */,
			);
			name = Products;
			sourceTree = "<group>";
		};
		3B074A282E40E80E00C49174 /* Products */ = {
			isa = PBXGroup;
			children = (
			);
			name = Products;
			sourceTree = "<group>";
		};
		3B074A4E2E40EA6B00C49174 /* Products */ = {
			isa = PBXGroup;
			children = (
				3B074A522E40EA6C00C49174 /* DesignSystem.framework */,
			);
			name = Products;
			sourceTree = "<group>";
		};
		3B9D789F2E3CBFAF00E5C72B = {
			isa = PBXGroup;
			children = (
				3B9D78AA2E3CBFAF00E5C72B /* YolgaHamroh */,
				3B9D83732E40B7EA00E5C72B /* Components */,
				3B9D78B82E3CC80C00E5C72B /* Features */,
				3B9D78EC2E3CC8EC00E5C72B /* Frameworks */,
				3B9D78A92E3CBFAF00E5C72B /* Products */,
			);
			sourceTree = "<group>";
		};
		3B9D78A92E3CBFAF00E5C72B /* Products */ = {
			isa = PBXGroup;
			children = (
				3B9D78A82E3CBFAF00E5C72B /* YolgaHamroh.app */,
			);
			name = Products;
			sourceTree = "<group>";
		};
		3B9D78B82E3CC80C00E5C72B /* Features */ = {
			isa = PBXGroup;
			children = (
				476D156F2E4B4DD70023F067 /* ProfileFeature.xcodeproj */,
				3B9D78D02E3CC82D00E5C72B /* HomeFeature.xcodeproj */,
			);
			path = Features;
			sourceTree = "<group>";
		};
		3B9D78D12E3CC82D00E5C72B /* Products */ = {
			isa = PBXGroup;
			children = (
			);
			name = Products;
			sourceTree = "<group>";
		};
		3B9D78EC2E3CC8EC00E5C72B /* Frameworks */ = {
			isa = PBXGroup;
			children = (
			);
			name = Frameworks;
			sourceTree = "<group>";
		};
		3B9D83732E40B7EA00E5C72B /* Components */ = {
			isa = PBXGroup;
			children = (
				3B074A4D2E40EA6B00C49174 /* DesignSystem.xcodeproj */,
				3B074A272E40E80E00C49174 /* CoreServices.xcodeproj */,
				3B0749E02E40D74C00C49174 /* AppNavigation.xcodeproj */,
				3B0742B92E40BC5D00C49174 /* CoreExtentions.xcodeproj */,
				3B0439492E40B9C3002BB867 /* CoreUIElements.xcodeproj */,
			);
			path = Components;
			sourceTree = "<group>";
		};
		476D15702E4B4DD70023F067 /* Products */ = {
			isa = PBXGroup;
			children = (
			);
			name = Products;
			sourceTree = "<group>";
		};
/* End PBXGroup section */

/* Begin PBXNativeTarget section */
		3B9D78A72E3CBFAF00E5C72B /* YolgaHamroh */ = {
			isa = PBXNativeTarget;
			buildConfigurationList = 3B9D78B32E3CBFB000E5C72B /* Build configuration list for PBXNativeTarget "YolgaHamroh" */;
			buildPhases = (
				3B9D78A42E3CBFAF00E5C72B /* Sources */,
				3B9D78A52E3CBFAF00E5C72B /* Frameworks */,
				3B9D78A62E3CBFAF00E5C72B /* Resources */,
				3B9D78EF2E3CC8EC00E5C72B /* Embed Frameworks */,
			);
			buildRules = (
			);
			dependencies = (
			);
			fileSystemSynchronizedGroups = (
				3B9D78AA2E3CBFAF00E5C72B /* YolgaHamroh */,
			);
			name = YolgaHamroh;
			packageProductDependencies = (
			);
			productName = YolgaHamroh;
			productReference = 3B9D78A82E3CBFAF00E5C72B /* YolgaHamroh.app */;
			productType = "com.apple.product-type.application";
		};
/* End PBXNativeTarget section */

/* Begin PBXProject section */
		3B9D78A02E3CBFAF00E5C72B /* Project object */ = {
			isa = PBXProject;
			attributes = {
				BuildIndependentTargetsInParallel = 1;
				LastSwiftUpdateCheck = 1640;
				LastUpgradeCheck = 1640;
				TargetAttributes = {
					3B9D78A72E3CBFAF00E5C72B = {
						CreatedOnToolsVersion = 16.4;
					};
				};
			};
			buildConfigurationList = 3B9D78A32E3CBFAF00E5C72B /* Build configuration list for PBXProject "YolgaHamroh" */;
			developmentRegion = en;
			hasScannedForEncodings = 0;
			knownRegions = (
				en,
				Base,
			);
			mainGroup = 3B9D789F2E3CBFAF00E5C72B;
			minimizedProjectReferenceProxies = 1;
			preferredProjectObjectVersion = 77;
			productRefGroup = 3B9D78A92E3CBFAF00E5C72B /* Products */;
			projectDirPath = "";
			projectReferences = (
				{
					ProductGroup = 3B0749E12E40D74C00C49174 /* Products */;
					ProjectRef = 3B0749E02E40D74C00C49174 /* AppNavigation.xcodeproj */;
				},
				{
					ProductGroup = 3B0742BA2E40BC5D00C49174 /* Products */;
					ProjectRef = 3B0742B92E40BC5D00C49174 /* CoreExtentions.xcodeproj */;
				},
				{
					ProductGroup = 3B074A282E40E80E00C49174 /* Products */;
					ProjectRef = 3B074A272E40E80E00C49174 /* CoreServices.xcodeproj */;
				},
				{
					ProductGroup = 3B04394A2E40B9C3002BB867 /* Products */;
					ProjectRef = 3B0439492E40B9C3002BB867 /* CoreUIElements.xcodeproj */;
				},
				{
					ProductGroup = 3B074A4E2E40EA6B00C49174 /* Products */;
					ProjectRef = 3B074A4D2E40EA6B00C49174 /* DesignSystem.xcodeproj */;
				},
				{
					ProductGroup = 3B9D78D12E3CC82D00E5C72B /* Products */;
					ProjectRef = 3B9D78D02E3CC82D00E5C72B /* HomeFeature.xcodeproj */;
				},
				{
					ProductGroup = 476D15702E4B4DD70023F067 /* Products */;
					ProjectRef = 476D156F2E4B4DD70023F067 /* ProfileFeature.xcodeproj */;
				},
			);
			projectRoot = "";
			targets = (
				3B9D78A72E3CBFAF00E5C72B /* YolgaHamroh */,
			);
		};
/* End PBXProject section */

/* Begin PBXReferenceProxy section */
		3B04394E2E40B9C4002BB867 /* CoreUIElements.framework */ = {
			isa = PBXReferenceProxy;
			fileType = wrapper.framework;
			path = CoreUIElements.framework;
			remoteRef = 3B04394D2E40B9C4002BB867 /* PBXContainerItemProxy */;
			sourceTree = BUILT_PRODUCTS_DIR;
		};
		3B0742BE2E40BC5D00C49174 /* CoreExtentions.framework */ = {
			isa = PBXReferenceProxy;
			fileType = wrapper.framework;
			path = CoreExtentions.framework;
			remoteRef = 3B0742BD2E40BC5D00C49174 /* PBXContainerItemProxy */;
			sourceTree = BUILT_PRODUCTS_DIR;
		};
		3B0749E52E40D74C00C49174 /* AppNavigation.framework */ = {
			isa = PBXReferenceProxy;
			fileType = wrapper.framework;
			path = AppNavigation.framework;
			remoteRef = 3B0749E42E40D74C00C49174 /* PBXContainerItemProxy */;
			sourceTree = BUILT_PRODUCTS_DIR;
		};
		3B074A522E40EA6C00C49174 /* DesignSystem.framework */ = {
			isa = PBXReferenceProxy;
			fileType = wrapper.framework;
			path = DesignSystem.framework;
			remoteRef = 3B074A512E40EA6C00C49174 /* PBXContainerItemProxy */;
			sourceTree = BUILT_PRODUCTS_DIR;
		};
/* End PBXReferenceProxy section */

/* Begin PBXResourcesBuildPhase section */
		3B9D78A62E3CBFAF00E5C72B /* Resources */ = {
			isa = PBXResourcesBuildPhase;
			buildActionMask = 2147483647;
			files = (
			);
			runOnlyForDeploymentPostprocessing = 0;
		};
/* End PBXResourcesBuildPhase section */

/* Begin PBXSourcesBuildPhase section */
		3B9D78A42E3CBFAF00E5C72B /* Sources */ = {
			isa = PBXSourcesBuildPhase;
			buildActionMask = 2147483647;
			files = (
			);
			runOnlyForDeploymentPostprocessing = 0;
		};
/* End PBXSourcesBuildPhase section */

/* Begin XCBuildConfiguration section */
		3B9D78B12E3CBFB000E5C72B /* Debug */ = {
			isa = XCBuildConfiguration;
			buildSettings = {
				ALWAYS_SEARCH_USER_PATHS = NO;
				ASSETCATALOG_COMPILER_GENERATE_SWIFT_ASSET_SYMBOL_EXTENSIONS = YES;
				CLANG_ANALYZER_NONNULL = YES;
				CLANG_ANALYZER_NUMBER_OBJECT_CONVERSION = YES_AGGRESSIVE;
				CLANG_CXX_LANGUAGE_STANDARD = "gnu++20";
				CLANG_ENABLE_MODULES = YES;
				CLANG_ENABLE_OBJC_ARC = YES;
				CLANG_ENABLE_OBJC_WEAK = YES;
				CLANG_WARN_BLOCK_CAPTURE_AUTORELEASING = YES;
				CLANG_WARN_BOOL_CONVERSION = YES;
				CLANG_WARN_COMMA = YES;
				CLANG_WARN_CONSTANT_CONVERSION = YES;
				CLANG_WARN_DEPRECATED_OBJC_IMPLEMENTATIONS = YES;
				CLANG_WARN_DIRECT_OBJC_ISA_USAGE = YES_ERROR;
				CLANG_WARN_DOCUMENTATION_COMMENTS = YES;
				CLANG_WARN_EMPTY_BODY = YES;
				CLANG_WARN_ENUM_CONVERSION = YES;
				CLANG_WARN_INFINITE_RECURSION = YES;
				CLANG_WARN_INT_CONVERSION = YES;
				CLANG_WARN_NON_LITERAL_NULL_CONVERSION = YES;
				CLANG_WARN_OBJC_IMPLICIT_RETAIN_SELF = YES;
				CLANG_WARN_OBJC_LITERAL_CONVERSION = YES;
				CLANG_WARN_OBJC_ROOT_CLASS = YES_ERROR;
				CLANG_WARN_QUOTED_INCLUDE_IN_FRAMEWORK_HEADER = YES;
				CLANG_WARN_RANGE_LOOP_ANALYSIS = YES;
				CLANG_WARN_STRICT_PROTOTYPES = YES;
				CLANG_WARN_SUSPICIOUS_MOVE = YES;
				CLANG_WARN_UNGUARDED_AVAILABILITY = YES_AGGRESSIVE;
				CLANG_WARN_UNREACHABLE_CODE = YES;
				CLANG_WARN__DUPLICATE_METHOD_MATCH = YES;
				COPY_PHASE_STRIP = NO;
				DEBUG_INFORMATION_FORMAT = dwarf;
				ENABLE_STRICT_OBJC_MSGSEND = YES;
				ENABLE_TESTABILITY = YES;
				ENABLE_USER_SCRIPT_SANDBOXING = YES;
				GCC_C_LANGUAGE_STANDARD = gnu17;
				GCC_DYNAMIC_NO_PIC = NO;
				GCC_NO_COMMON_BLOCKS = YES;
				GCC_OPTIMIZATION_LEVEL = 0;
				GCC_PREPROCESSOR_DEFINITIONS = (
					"DEBUG=1",
					"$(inherited)",
				);
				GCC_WARN_64_TO_32_BIT_CONVERSION = YES;
				GCC_WARN_ABOUT_RETURN_TYPE = YES_ERROR;
				GCC_WARN_UNDECLARED_SELECTOR = YES;
				GCC_WARN_UNINITIALIZED_AUTOS = YES_AGGRESSIVE;
				GCC_WARN_UNUSED_FUNCTION = YES;
				GCC_WARN_UNUSED_VARIABLE = YES;
				IPHONEOS_DEPLOYMENT_TARGET = 18.5;
				LOCALIZATION_PREFERS_STRING_CATALOGS = YES;
				MTL_ENABLE_DEBUG_INFO = INCLUDE_SOURCE;
				MTL_FAST_MATH = YES;
				ONLY_ACTIVE_ARCH = YES;
				SDKROOT = iphoneos;
				SWIFT_ACTIVE_COMPILATION_CONDITIONS = "DEBUG $(inherited)";
				SWIFT_OPTIMIZATION_LEVEL = "-Onone";
			};
			name = Debug;
		};
		3B9D78B22E3CBFB000E5C72B /* Release */ = {
			isa = XCBuildConfiguration;
			buildSettings = {
				ALWAYS_SEARCH_USER_PATHS = NO;
				ASSETCATALOG_COMPILER_GENERATE_SWIFT_ASSET_SYMBOL_EXTENSIONS = YES;
				CLANG_ANALYZER_NONNULL = YES;
				CLANG_ANALYZER_NUMBER_OBJECT_CONVERSION = YES_AGGRESSIVE;
				CLANG_CXX_LANGUAGE_STANDARD = "gnu++20";
				CLANG_ENABLE_MODULES = YES;
				CLANG_ENABLE_OBJC_ARC = YES;
				CLANG_ENABLE_OBJC_WEAK = YES;
				CLANG_WARN_BLOCK_CAPTURE_AUTORELEASING = YES;
				CLANG_WARN_BOOL_CONVERSION = YES;
				CLANG_WARN_COMMA = YES;
				CLANG_WARN_CONSTANT_CONVERSION = YES;
				CLANG_WARN_DEPRECATED_OBJC_IMPLEMENTATIONS = YES;
				CLANG_WARN_DIRECT_OBJC_ISA_USAGE = YES_ERROR;
				CLANG_WARN_DOCUMENTATION_COMMENTS = YES;
				CLANG_WARN_EMPTY_BODY = YES;
				CLANG_WARN_ENUM_CONVERSION = YES;
				CLANG_WARN_INFINITE_RECURSION = YES;
				CLANG_WARN_INT_CONVERSION = YES;
				CLANG_WARN_NON_LITERAL_NULL_CONVERSION = YES;
				CLANG_WARN_OBJC_IMPLICIT_RETAIN_SELF = YES;
				CLANG_WARN_OBJC_LITERAL_CONVERSION = YES;
				CLANG_WARN_OBJC_ROOT_CLASS = YES_ERROR;
				CLANG_WARN_QUOTED_INCLUDE_IN_FRAMEWORK_HEADER = YES;
				CLANG_WARN_RANGE_LOOP_ANALYSIS = YES;
				CLANG_WARN_STRICT_PROTOTYPES = YES;
				CLANG_WARN_SUSPICIOUS_MOVE = YES;
				CLANG_WARN_UNGUARDED_AVAILABILITY = YES_AGGRESSIVE;
				CLANG_WARN_UNREACHABLE_CODE = YES;
				CLANG_WARN__DUPLICATE_METHOD_MATCH = YES;
				COPY_PHASE_STRIP = NO;
				DEBUG_INFORMATION_FORMAT = "dwarf-with-dsym";
				ENABLE_NS_ASSERTIONS = NO;
				ENABLE_STRICT_OBJC_MSGSEND = YES;
				ENABLE_USER_SCRIPT_SANDBOXING = YES;
				GCC_C_LANGUAGE_STANDARD = gnu17;
				GCC_NO_COMMON_BLOCKS = YES;
				GCC_WARN_64_TO_32_BIT_CONVERSION = YES;
				GCC_WARN_ABOUT_RETURN_TYPE = YES_ERROR;
				GCC_WARN_UNDECLARED_SELECTOR = YES;
				GCC_WARN_UNINITIALIZED_AUTOS = YES_AGGRESSIVE;
				GCC_WARN_UNUSED_FUNCTION = YES;
				GCC_WARN_UNUSED_VARIABLE = YES;
				IPHONEOS_DEPLOYMENT_TARGET = 18.5;
				LOCALIZATION_PREFERS_STRING_CATALOGS = YES;
				MTL_ENABLE_DEBUG_INFO = NO;
				MTL_FAST_MATH = YES;
				SDKROOT = iphoneos;
				SWIFT_COMPILATION_MODE = wholemodule;
				VALIDATE_PRODUCT = YES;
			};
			name = Release;
		};
		3B9D78B42E3CBFB000E5C72B /* Debug */ = {
			isa = XCBuildConfiguration;
			buildSettings = {
				ASSETCATALOG_COMPILER_APPICON_NAME = AppIcon;
				ASSETCATALOG_COMPILER_GLOBAL_ACCENT_COLOR_NAME = AccentColor;
				CODE_SIGN_STYLE = Automatic;
				CURRENT_PROJECT_VERSION = 1;
				DEVELOPMENT_TEAM = 3DJM2CZRX2;
				ENABLE_PREVIEWS = YES;
				GENERATE_INFOPLIST_FILE = YES;
				INFOPLIST_KEY_UIApplicationSceneManifest_Generation = YES;
				INFOPLIST_KEY_UIApplicationSupportsIndirectInputEvents = YES;
				INFOPLIST_KEY_UILaunchScreen_Generation = YES;
				INFOPLIST_KEY_UISupportedInterfaceOrientations = UIInterfaceOrientationPortrait;
				INFOPLIST_KEY_UISupportedInterfaceOrientations_iPad = "UIInterfaceOrientationLandscapeLeft UIInterfaceOrientationLandscapeRight UIInterfaceOrientationPortrait UIInterfaceOrientationPortraitUpsideDown";
				IPHONEOS_DEPLOYMENT_TARGET = 15.0;
				LD_RUNPATH_SEARCH_PATHS = (
					"$(inherited)",
					"@executable_path/Frameworks",
				);
				MARKETING_VERSION = 1.0;
				PRODUCT_BUNDLE_IDENTIFIER = AssA.YolgaHamroh;
				PRODUCT_NAME = "$(TARGET_NAME)";
				SUPPORTED_PLATFORMS = "iphoneos iphonesimulator";
				SUPPORTS_MACCATALYST = NO;
				SUPPORTS_MAC_DESIGNED_FOR_IPHONE_IPAD = NO;
				SUPPORTS_XR_DESIGNED_FOR_IPHONE_IPAD = NO;
				SWIFT_EMIT_LOC_STRINGS = YES;
				SWIFT_VERSION = 5.0;
				TARGETED_DEVICE_FAMILY = 1;
			};
			name = Debug;
		};
		3B9D78B52E3CBFB000E5C72B /* Release */ = {
			isa = XCBuildConfiguration;
			buildSettings = {
				ASSETCATALOG_COMPILER_APPICON_NAME = AppIcon;
				ASSETCATALOG_COMPILER_GLOBAL_ACCENT_COLOR_NAME = AccentColor;
				CODE_SIGN_STYLE = Automatic;
				CURRENT_PROJECT_VERSION = 1;
				DEVELOPMENT_TEAM = 3DJM2CZRX2;
				ENABLE_PREVIEWS = YES;
				GENERATE_INFOPLIST_FILE = YES;
				INFOPLIST_KEY_UIApplicationSceneManifest_Generation = YES;
				INFOPLIST_KEY_UIApplicationSupportsIndirectInputEvents = YES;
				INFOPLIST_KEY_UILaunchScreen_Generation = YES;
				INFOPLIST_KEY_UISupportedInterfaceOrientations = UIInterfaceOrientationPortrait;
				INFOPLIST_KEY_UISupportedInterfaceOrientations_iPad = "UIInterfaceOrientationLandscapeLeft UIInterfaceOrientationLandscapeRight UIInterfaceOrientationPortrait UIInterfaceOrientationPortraitUpsideDown";
				IPHONEOS_DEPLOYMENT_TARGET = 15.0;
				LD_RUNPATH_SEARCH_PATHS = (
					"$(inherited)",
					"@executable_path/Frameworks",
				);
				MARKETING_VERSION = 1.0;
				PRODUCT_BUNDLE_IDENTIFIER = AssA.YolgaHamroh;
				PRODUCT_NAME = "$(TARGET_NAME)";
				SUPPORTED_PLATFORMS = "iphoneos iphonesimulator";
				SUPPORTS_MACCATALYST = NO;
				SUPPORTS_MAC_DESIGNED_FOR_IPHONE_IPAD = NO;
				SUPPORTS_XR_DESIGNED_FOR_IPHONE_IPAD = NO;
				SWIFT_EMIT_LOC_STRINGS = YES;
				SWIFT_VERSION = 5.0;
				TARGETED_DEVICE_FAMILY = 1;
			};
			name = Release;
		};
/* End XCBuildConfiguration section */

/* Begin XCConfigurationList section */
		3B9D78A32E3CBFAF00E5C72B /* Build configuration list for PBXProject "YolgaHamroh" */ = {
			isa = XCConfigurationList;
			buildConfigurations = (
				3B9D78B12E3CBFB000E5C72B /* Debug */,
				3B9D78B22E3CBFB000E5C72B /* Release */,
			);
			defaultConfigurationIsVisible = 0;
			defaultConfigurationName = Release;
		};
		3B9D78B32E3CBFB000E5C72B /* Build configuration list for PBXNativeTarget "YolgaHamroh" */ = {
			isa = XCConfigurationList;
			buildConfigurations = (
				3B9D78B42E3CBFB000E5C72B /* Debug */,
				3B9D78B52E3CBFB000E5C72B /* Release */,
			);
			defaultConfigurationIsVisible = 0;
			defaultConfigurationName = Release;
		};
/* End XCConfigurationList section */
	};
	rootObject = 3B9D78A02E3CBFAF00E5C72B /* Project object */;
}
